// !$*UTF8*$!
{
	archiveVersion = 1;
	classes = {
	};
	objectVersion = 55;
	objects = {

/* Begin PBXBuildFile section */
		7B794639278FE7DB0026E8D4 /* AppDelegate.swift in Sources */ = {isa = PBXBuildFile; fileRef = 7B794638278FE7DB0026E8D4 /* AppDelegate.swift */; };
		7B79463B278FE7DB0026E8D4 /* SceneDelegate.swift in Sources */ = {isa = PBXBuildFile; fileRef = 7B79463A278FE7DB0026E8D4 /* SceneDelegate.swift */; };
		7B79463D278FE7DB0026E8D4 /* ViewController.swift in Sources */ = {isa = PBXBuildFile; fileRef = 7B79463C278FE7DB0026E8D4 /* ViewController.swift */; };
		7B794642278FE7DE0026E8D4 /* Assets.xcassets in Resources */ = {isa = PBXBuildFile; fileRef = 7B794641278FE7DE0026E8D4 /* Assets.xcassets */; };
		7B794645278FE7DE0026E8D4 /* LaunchScreen.storyboard in Resources */ = {isa = PBXBuildFile; fileRef = 7B794643278FE7DE0026E8D4 /* LaunchScreen.storyboard */; };
		7B79464F278FE9190026E8D4 /* CustomImageView.swift in Sources */ = {isa = PBXBuildFile; fileRef = 7B79464E278FE9190026E8D4 /* CustomImageView.swift */; };
		7B794651278FE9660026E8D4 /* VideoProcessor.swift in Sources */ = {isa = PBXBuildFile; fileRef = 7B794650278FE9660026E8D4 /* VideoProcessor.swift */; };
		7B794653278FE99A0026E8D4 /* VideoReader.swift in Sources */ = {isa = PBXBuildFile; fileRef = 7B794652278FE99A0026E8D4 /* VideoReader.swift */; };
/* End PBXBuildFile section */

/* Begin PBXFileReference section */
		7B794635278FE7DB0026E8D4 /* PHPickerDrawVideo.app */ = {isa = PBXFileReference; explicitFileType = wrapper.application; includeInIndex = 0; path = PHPickerDrawVideo.app; sourceTree = BUILT_PRODUCTS_DIR; };
		7B794638278FE7DB0026E8D4 /* AppDelegate.swift */ = {isa = PBXFileReference; lastKnownFileType = sourcecode.swift; path = AppDelegate.swift; sourceTree = "<group>"; };
		7B79463A278FE7DB0026E8D4 /* SceneDelegate.swift */ = {isa = PBXFileReference; lastKnownFileType = sourcecode.swift; path = SceneDelegate.swift; sourceTree = "<group>"; };
		7B79463C278FE7DB0026E8D4 /* ViewController.swift */ = {isa = PBXFileReference; lastKnownFileType = sourcecode.swift; path = ViewController.swift; sourceTree = "<group>"; };
		7B794641278FE7DE0026E8D4 /* Assets.xcassets */ = {isa = PBXFileReference; lastKnownFileType = folder.assetcatalog; path = Assets.xcassets; sourceTree = "<group>"; };
		7B794644278FE7DE0026E8D4 /* Base */ = {isa = PBXFileReference; lastKnownFileType = file.storyboard; name = Base; path = Base.lproj/LaunchScreen.storyboard; sourceTree = "<group>"; };
		7B794646278FE7DE0026E8D4 /* Info.plist */ = {isa = PBXFileReference; lastKnownFileType = text.plist.xml; path = Info.plist; sourceTree = "<group>"; };
		7B79464E278FE9190026E8D4 /* CustomImageView.swift */ = {isa = PBXFileReference; lastKnownFileType = sourcecode.swift; path = CustomImageView.swift; sourceTree = "<group>"; };
		7B794650278FE9660026E8D4 /* VideoProcessor.swift */ = {isa = PBXFileReference; lastKnownFileType = sourcecode.swift; path = VideoProcessor.swift; sourceTree = "<group>"; };
		7B794652278FE99A0026E8D4 /* VideoReader.swift */ = {isa = PBXFileReference; lastKnownFileType = sourcecode.swift; path = VideoReader.swift; sourceTree = "<group>"; };
/* End PBXFileReference section */

/* Begin PBXFrameworksBuildPhase section */
		7B794632278FE7DB0026E8D4 /* Frameworks */ = {
			isa = PBXFrameworksBuildPhase;
			buildActionMask = 2147483647;
			files = (
			);
			runOnlyForDeploymentPostprocessing = 0;
		};
/* End PBXFrameworksBuildPhase section */

/* Begin PBXGroup section */
		7B79462C278FE7DB0026E8D4 = {
			isa = PBXGroup;
			children = (
				7B794637278FE7DB0026E8D4 /* PHPickerDrawVideo */,
				7B794636278FE7DB0026E8D4 /* Products */,
			);
			sourceTree = "<group>";
		};
		7B794636278FE7DB0026E8D4 /* Products */ = {
			isa = PBXGroup;
			children = (
				7B794635278FE7DB0026E8D4 /* PHPickerDrawVideo.app */,
			);
			name = Products;
			sourceTree = "<group>";
		};
		7B794637278FE7DB0026E8D4 /* PHPickerDrawVideo */ = {
			isa = PBXGroup;
			children = (
				7B794638278FE7DB0026E8D4 /* AppDelegate.swift */,
				7B79463A278FE7DB0026E8D4 /* SceneDelegate.swift */,
				7B79464C278FE8CB0026E8D4 /* Views */,
				7B79464D278FE8D70026E8D4 /* Services */,
				7B794641278FE7DE0026E8D4 /* Assets.xcassets */,
				7B794643278FE7DE0026E8D4 /* LaunchScreen.storyboard */,
				7B794646278FE7DE0026E8D4 /* Info.plist */,
			);
			path = PHPickerDrawVideo;
			sourceTree = "<group>";
		};
		7B79464C278FE8CB0026E8D4 /* Views */ = {
			isa = PBXGroup;
			children = (
				7B79463C278FE7DB0026E8D4 /* ViewController.swift */,
				7B79464E278FE9190026E8D4 /* CustomImageView.swift */,
			);
			path = Views;
			sourceTree = "<group>";
		};
		7B79464D278FE8D70026E8D4 /* Services */ = {
			isa = PBXGroup;
			children = (
				7B794650278FE9660026E8D4 /* VideoProcessor.swift */,
				7B794652278FE99A0026E8D4 /* VideoReader.swift */,
			);
			path = Services;
			sourceTree = "<group>";
		};
/* End PBXGroup section */

/* Begin PBXNativeTarget section */
		7B794634278FE7DB0026E8D4 /* PHPickerDrawVideo */ = {
			isa = PBXNativeTarget;
			buildConfigurationList = 7B794649278FE7DE0026E8D4 /* Build configuration list for PBXNativeTarget "PHPickerDrawVideo" */;
			buildPhases = (
				7B794631278FE7DB0026E8D4 /* Sources */,
				7B794632278FE7DB0026E8D4 /* Frameworks */,
				7B794633278FE7DB0026E8D4 /* Resources */,
			);
			buildRules = (
			);
			dependencies = (
			);
			name = PHPickerDrawVideo;
			productName = PHPickerDrawVideo;
			productReference = 7B794635278FE7DB0026E8D4 /* PHPickerDrawVideo.app */;
			productType = "com.apple.product-type.application";
		};
/* End PBXNativeTarget section */

/* Begin PBXProject section */
		7B79462D278FE7DB0026E8D4 /* Project object */ = {
			isa = PBXProject;
			attributes = {
				BuildIndependentTargetsInParallel = 1;
				LastSwiftUpdateCheck = 1310;
				LastUpgradeCheck = 1310;
				TargetAttributes = {
					7B794634278FE7DB0026E8D4 = {
						CreatedOnToolsVersion = 13.1;
					};
				};
			};
			buildConfigurationList = 7B794630278FE7DB0026E8D4 /* Build configuration list for PBXProject "PHPickerDrawVideo" */;
			compatibilityVersion = "Xcode 13.0";
			developmentRegion = en;
			hasScannedForEncodings = 0;
			knownRegions = (
				en,
				Base,
			);
			mainGroup = 7B79462C278FE7DB0026E8D4;
			productRefGroup = 7B794636278FE7DB0026E8D4 /* Products */;
			projectDirPath = "";
			projectRoot = "";
			targets = (
				7B794634278FE7DB0026E8D4 /* PHPickerDrawVideo */,
			);
		};
/* End PBXProject section */

/* Begin PBXResourcesBuildPhase section */
		7B794633278FE7DB0026E8D4 /* Resources */ = {
			isa = PBXResourcesBuildPhase;
			buildActionMask = 2147483647;
			files = (
				7B794645278FE7DE0026E8D4 /* LaunchScreen.storyboard in Resources */,
				7B794642278FE7DE0026E8D4 /* Assets.xcassets in Resources */,
			);
			runOnlyForDeploymentPostprocessing = 0;
		};
/* End PBXResourcesBuildPhase section */

/* Begin PBXSourcesBuildPhase section */
		7B794631278FE7DB0026E8D4 /* Sources */ = {
			isa = PBXSourcesBuildPhase;
			buildActionMask = 2147483647;
			files = (
				7B794651278FE9660026E8D4 /* VideoProcessor.swift in Sources */,
				7B79463D278FE7DB0026E8D4 /* ViewController.swift in Sources */,
				7B79464F278FE9190026E8D4 /* CustomImageView.swift in Sources */,
				7B794639278FE7DB0026E8D4 /* AppDelegate.swift in Sources */,
				7B794653278FE99A0026E8D4 /* VideoReader.swift in Sources */,
				7B79463B278FE7DB0026E8D4 /* SceneDelegate.swift in Sources */,
			);
			runOnlyForDeploymentPostprocessing = 0;
		};
/* End PBXSourcesBuildPhase section */

/* Begin PBXVariantGroup section */
		7B794643278FE7DE0026E8D4 /* LaunchScreen.storyboard */ = {
			isa = PBXVariantGroup;
			children = (
				7B794644278FE7DE0026E8D4 /* Base */,
			);
			name = LaunchScreen.storyboard;
			sourceTree = "<group>";
		};
/* End PBXVariantGroup section */

/* Begin XCBuildConfiguration section */
		7B794647278FE7DE0026E8D4 /* Debug */ = {
			isa = XCBuildConfiguration;
			buildSettings = {
				ALWAYS_SEARCH_USER_PATHS = NO;
				CLANG_ANALYZER_NONNULL = YES;
				CLANG_ANALYZER_NUMBER_OBJECT_CONVERSION = YES_AGGRESSIVE;
				CLANG_CXX_LANGUAGE_STANDARD = "gnu++17";
				CLANG_CXX_LIBRARY = "libc++";
				CLANG_ENABLE_MODULES = YES;
				CLANG_ENABLE_OBJC_ARC = YES;
				CLANG_ENABLE_OBJC_WEAK = YES;
				CLANG_WARN_BLOCK_CAPTURE_AUTORELEASING = YES;
				CLANG_WARN_BOOL_CONVERSION = YES;
				CLANG_WARN_COMMA = YES;
				CLANG_WARN_CONSTANT_CONVERSION = YES;
				CLANG_WARN_DEPRECATED_OBJC_IMPLEMENTATIONS = YES;
				CLANG_WARN_DIRECT_OBJC_ISA_USAGE = YES_ERROR;
				CLANG_WARN_DOCUMENTATION_COMMENTS = YES;
				CLANG_WARN_EMPTY_BODY = YES;
				CLANG_WARN_ENUM_CONVERSION = YES;
				CLANG_WARN_INFINITE_RECURSION = YES;
				CLANG_WARN_INT_CONVERSION = YES;
				CLANG_WARN_NON_LITERAL_NULL_CONVERSION = YES;
				CLANG_WARN_OBJC_IMPLICIT_RETAIN_SELF = YES;
				CLANG_WARN_OBJC_LITERAL_CONVERSION = YES;
				CLANG_WARN_OBJC_ROOT_CLASS = YES_ERROR;
				CLANG_WARN_QUOTED_INCLUDE_IN_FRAMEWORK_HEADER = YES;
				CLANG_WARN_RANGE_LOOP_ANALYSIS = YES;
				CLANG_WARN_STRICT_PROTOTYPES = YES;
				CLANG_WARN_SUSPICIOUS_MOVE = YES;
				CLANG_WARN_UNGUARDED_AVAILABILITY = YES_AGGRESSIVE;
				CLANG_WARN_UNREACHABLE_CODE = YES;
				CLANG_WARN__DUPLICATE_METHOD_MATCH = YES;
				COPY_PHASE_STRIP = NO;
				DEBUG_INFORMATION_FORMAT = dwarf;
				ENABLE_STRICT_OBJC_MSGSEND = YES;
				ENABLE_TESTABILITY = YES;
				GCC_C_LANGUAGE_STANDARD = gnu11;
				GCC_DYNAMIC_NO_PIC = NO;
				GCC_NO_COMMON_BLOCKS = YES;
				GCC_OPTIMIZATION_LEVEL = 0;
				GCC_PREPROCESSOR_DEFINITIONS = (
					"DEBUG=1",
					"$(inherited)",
				);
				GCC_WARN_64_TO_32_BIT_CONVERSION = YES;
				GCC_WARN_ABOUT_RETURN_TYPE = YES_ERROR;
				GCC_WARN_UNDECLARED_SELECTOR = YES;
				GCC_WARN_UNINITIALIZED_AUTOS = YES_AGGRESSIVE;
				GCC_WARN_UNUSED_FUNCTION = YES;
				GCC_WARN_UNUSED_VARIABLE = YES;
				IPHONEOS_DEPLOYMENT_TARGET = 15.0;
				MTL_ENABLE_DEBUG_INFO = INCLUDE_SOURCE;
				MTL_FAST_MATH = YES;
				ONLY_ACTIVE_ARCH = YES;
				SDKROOT = iphoneos;
				SWIFT_ACTIVE_COMPILATION_CONDITIONS = DEBUG;
				SWIFT_OPTIMIZATION_LEVEL = "-Onone";
			};
			name = Debug;
		};
		7B794648278FE7DE0026E8D4 /* Release */ = {
			isa = XCBuildConfiguration;
			buildSettings = {
				ALWAYS_SEARCH_USER_PATHS = NO;
				CLANG_ANALYZER_NONNULL = YES;
				CLANG_ANALYZER_NUMBER_OBJECT_CONVERSION = YES_AGGRESSIVE;
				CLANG_CXX_LANGUAGE_STANDARD = "gnu++17";
				CLANG_CXX_LIBRARY = "libc++";
				CLANG_ENABLE_MODULES = YES;
				CLANG_ENABLE_OBJC_ARC = YES;
				CLANG_ENABLE_OBJC_WEAK = YES;
				CLANG_WARN_BLOCK_CAPTURE_AUTORELEASING = YES;
				CLANG_WARN_BOOL_CONVERSION = YES;
				CLANG_WARN_COMMA = YES;
				CLANG_WARN_CONSTANT_CONVERSION = YES;
				CLANG_WARN_DEPRECATED_OBJC_IMPLEMENTATIONS = YES;
				CLANG_WARN_DIRECT_OBJC_ISA_USAGE = YES_ERROR;
				CLANG_WARN_DOCUMENTATION_COMMENTS = YES;
				CLANG_WARN_EMPTY_BODY = YES;
				CLANG_WARN_ENUM_CONVERSION = YES;
				CLANG_WARN_INFINITE_RECURSION = YES;
				CLANG_WARN_INT_CONVERSION = YES;
				CLANG_WARN_NON_LITERAL_NULL_CONVERSION = YES;
				CLANG_WARN_OBJC_IMPLICIT_RETAIN_SELF = YES;
				CLANG_WARN_OBJC_LITERAL_CONVERSION = YES;
				CLANG_WARN_OBJC_ROOT_CLASS = YES_ERROR;
				CLANG_WARN_QUOTED_INCLUDE_IN_FRAMEWORK_HEADER = YES;
				CLANG_WARN_RANGE_LOOP_ANALYSIS = YES;
				CLANG_WARN_STRICT_PROTOTYPES = YES;
				CLANG_WARN_SUSPICIOUS_MOVE = YES;
				CLANG_WARN_UNGUARDED_AVAILABILITY = YES_AGGRESSIVE;
				CLANG_WARN_UNREACHABLE_CODE = YES;
				CLANG_WARN__DUPLICATE_METHOD_MATCH = YES;
				COPY_PHASE_STRIP = NO;
				DEBUG_INFORMATION_FORMAT = "dwarf-with-dsym";
				ENABLE_NS_ASSERTIONS = NO;
				ENABLE_STRICT_OBJC_MSGSEND = YES;
				GCC_C_LANGUAGE_STANDARD = gnu11;
				GCC_NO_COMMON_BLOCKS = YES;
				GCC_WARN_64_TO_32_BIT_CONVERSION = YES;
				GCC_WARN_ABOUT_RETURN_TYPE = YES_ERROR;
				GCC_WARN_UNDECLARED_SELECTOR = YES;
				GCC_WARN_UNINITIALIZED_AUTOS = YES_AGGRESSIVE;
				GCC_WARN_UNUSED_FUNCTION = YES;
				GCC_WARN_UNUSED_VARIABLE = YES;
				IPHONEOS_DEPLOYMENT_TARGET = 15.0;
				MTL_ENABLE_DEBUG_INFO = NO;
				MTL_FAST_MATH = YES;
				SDKROOT = iphoneos;
				SWIFT_COMPILATION_MODE = wholemodule;
				SWIFT_OPTIMIZATION_LEVEL = "-O";
				VALIDATE_PRODUCT = YES;
			};
			name = Release;
		};
		7B79464A278FE7DE0026E8D4 /* Debug */ = {
			isa = XCBuildConfiguration;
			buildSettings = {
				ASSETCATALOG_COMPILER_APPICON_NAME = AppIcon;
				ASSETCATALOG_COMPILER_GLOBAL_ACCENT_COLOR_NAME = AccentColor;
				CODE_SIGN_STYLE = Automatic;
				CURRENT_PROJECT_VERSION = 1;
				DEVELOPMENT_TEAM = MKMTS45SHE;
				GENERATE_INFOPLIST_FILE = YES;
				INFOPLIST_FILE = PHPickerDrawVideo/Info.plist;
				INFOPLIST_KEY_UIApplicationSupportsIndirectInputEvents = YES;
				INFOPLIST_KEY_UILaunchStoryboardName = LaunchScreen;
				INFOPLIST_KEY_UISupportedInterfaceOrientations_iPad = "UIInterfaceOrientationPortrait UIInterfaceOrientationPortraitUpsideDown UIInterfaceOrientationLandscapeLeft UIInterfaceOrientationLandscapeRight";
				INFOPLIST_KEY_UISupportedInterfaceOrientations_iPhone = "UIInterfaceOrientationPortrait UIInterfaceOrientationLandscapeLeft UIInterfaceOrientationLandscapeRight";
				LD_RUNPATH_SEARCH_PATHS = (
					"$(inherited)",
					"@executable_path/Frameworks",
				);
				MARKETING_VERSION = 1.0;
				PRODUCT_BUNDLE_IDENTIFIER = app.kobito.PHPickerDrawVideo;
				PRODUCT_NAME = "$(TARGET_NAME)";
				SWIFT_EMIT_LOC_STRINGS = YES;
				SWIFT_VERSION = 5.0;
				TARGETED_DEVICE_FAMILY = "1,2";
			};
			name = Debug;
		};
		7B79464B278FE7DE0026E8D4 /* Release */ = {
			isa = XCBuildConfiguration;
			buildSettings = {
				ASSETCATALOG_COMPILER_APPICON_NAME = AppIcon;
				ASSETCATALOG_COMPILER_GLOBAL_ACCENT_COLOR_NAME = AccentColor;
				CODE_SIGN_STYLE = Automatic;
				CURRENT_PROJECT_VERSION = 1;
				DEVELOPMENT_TEAM = MKMTS45SHE;
				GENERATE_INFOPLIST_FILE = YES;
				INFOPLIST_FILE = PHPickerDrawVideo/Info.plist;
				INFOPLIST_KEY_UIApplicationSupportsIndirectInputEvents = YES;
				INFOPLIST_KEY_UILaunchStoryboardName = LaunchScreen;
				INFOPLIST_KEY_UISupportedInterfaceOrientations_iPad = "UIInterfaceOrientationPortrait UIInterfaceOrientationPortraitUpsideDown UIInterfaceOrientationLandscapeLeft UIInterfaceOrientationLandscapeRight";
				INFOPLIST_KEY_UISupportedInterfaceOrientations_iPhone = "UIInterfaceOrientationPortrait UIInterfaceOrientationLandscapeLeft UIInterfaceOrientationLandscapeRight";
				LD_RUNPATH_SEARCH_PATHS = (
					"$(inherited)",
					"@executable_path/Frameworks",
				);
				MARKETING_VERSION = 1.0;
				PRODUCT_BUNDLE_IDENTIFIER = app.kobito.PHPickerDrawVideo;
				PRODUCT_NAME = "$(TARGET_NAME)";
				SWIFT_EMIT_LOC_STRINGS = YES;
				SWIFT_VERSION = 5.0;
				TARGETED_DEVICE_FAMILY = "1,2";
			};
			name = Release;
		};
/* End XCBuildConfiguration section */

/* Begin XCConfigurationList section */
		7B794630278FE7DB0026E8D4 /* Build configuration list for PBXProject "PHPickerDrawVideo" */ = {
			isa = XCConfigurationList;
			buildConfigurations = (
				7B794647278FE7DE0026E8D4 /* Debug */,
				7B794648278FE7DE0026E8D4 /* Release */,
			);
			defaultConfigurationIsVisible = 0;
			defaultConfigurationName = Release;
		};
		7B794649278FE7DE0026E8D4 /* Build configuration list for PBXNativeTarget "PHPickerDrawVideo" */ = {
			isa = XCConfigurationList;
			buildConfigurations = (
				7B79464A278FE7DE0026E8D4 /* Debug */,
				7B79464B278FE7DE0026E8D4 /* Release */,
			);
			defaultConfigurationIsVisible = 0;
			defaultConfigurationName = Release;
		};
/* End XCConfigurationList section */
	};
	rootObject = 7B79462D278FE7DB0026E8D4 /* Project object */;
}
